
Microsoft Visual Studio Solution File, Format Version 11.00
# Visual Studio 2010
Project("{FAE04EC0-301F-11D3-BF4B-00C04F79EFBC}") = "survival-game", "Assembly-CSharp-firstpass.csproj", "{8C54D0CC-8AA1-3F81-1BB9-99C3B9255828}"
EndProject
Project("{FAE04EC0-301F-11D3-BF4B-00C04F79EFBC}") = "survival-game", "Assembly-CSharp.csproj", "{5123A72E-36B7-4D14-C37D-EAC991FE77C9}"
EndProject
Project("{FAE04EC0-301F-11D3-BF4B-00C04F79EFBC}") = "survival-game", "Assembly-CSharp-Editor.csproj", "{38B076B4-8913-BF8F-94D0-D994830C445B}"
EndProject
Project("{4E0C1D1D-C099-74B9-2927-E7429031C8B2}") = "survival-game", "Assembly-UnityScript.unityproj", "{603FD2F4-0188-A79A-D953-E3094584297F}"
EndProject
Project("{4E0C1D1D-C099-74B9-2927-E7429031C8B2}") = "survival-game", "Assembly-UnityScript-Editor.unityproj", "{B59A3B03-9E9A-EBE0-7191-C80A2001B4CF}"
EndProject
Global
	GlobalSection(SolutionConfigurationPlatforms) = preSolution
		Debug|Any CPU = Debug|Any CPU
		Release|Any CPU = Release|Any CPU
	EndGlobalSection
	GlobalSection(ProjectConfigurationPlatforms) = postSolution
		{8C54D0CC-8AA1-3F81-1BB9-99C3B9255828}.Debug|Any CPU.ActiveCfg = Debug|Any CPU
		{8C54D0CC-8AA1-3F81-1BB9-99C3B9255828}.Debug|Any CPU.Build.0 = Debug|Any CPU
		{8C54D0CC-8AA1-3F81-1BB9-99C3B9255828}.Release|Any CPU.ActiveCfg = Release|Any CPU
		{8C54D0CC-8AA1-3F81-1BB9-99C3B9255828}.Release|Any CPU.Build.0 = Release|Any CPU
		{5123A72E-36B7-4D14-C37D-EAC991FE77C9}.Debug|Any CPU.ActiveCfg = Debug|Any CPU
		{5123A72E-36B7-4D14-C37D-EAC991FE77C9}.Debug|Any CPU.Build.0 = Debug|Any CPU
		{5123A72E-36B7-4D14-C37D-EAC991FE77C9}.Release|Any CPU.ActiveCfg = Release|Any CPU
		{5123A72E-36B7-4D14-C37D-EAC991FE77C9}.Release|Any CPU.Build.0 = Release|Any CPU
		{38B076B4-8913-BF8F-94D0-D994830C445B}.Debug|Any CPU.ActiveCfg = Debug|Any CPU
		{38B076B4-8913-BF8F-94D0-D994830C445B}.Debug|Any CPU.Build.0 = Debug|Any CPU
		{38B076B4-8913-BF8F-94D0-D994830C445B}.Release|Any CPU.ActiveCfg = Release|Any CPU
		{38B076B4-8913-BF8F-94D0-D994830C445B}.Release|Any CPU.Build.0 = Release|Any CPU
		{603FD2F4-0188-A79A-D953-E3094584297F}.Debug|Any CPU.ActiveCfg = Debug|Any CPU
		{603FD2F4-0188-A79A-D953-E3094584297F}.Debug|Any CPU.Build.0 = Debug|Any CPU
		{603FD2F4-0188-A79A-D953-E3094584297F}.Release|Any CPU.ActiveCfg = Release|Any CPU
		{603FD2F4-0188-A79A-D953-E3094584297F}.Release|Any CPU.Build.0 = Release|Any CPU
		{B59A3B03-9E9A-EBE0-7191-C80A2001B4CF}.Debug|Any CPU.ActiveCfg = Debug|Any CPU
		{B59A3B03-9E9A-EBE0-7191-C80A2001B4CF}.Debug|Any CPU.Build.0 = Debug|Any CPU
		{B59A3B03-9E9A-EBE0-7191-C80A2001B4CF}.Release|Any CPU.ActiveCfg = Release|Any CPU
		{B59A3B03-9E9A-EBE0-7191-C80A2001B4CF}.Release|Any CPU.Build.0 = Release|Any CPU
	EndGlobalSection
	GlobalSection(SolutionProperties) = preSolution
		HideSolutionNode = FALSE
	EndGlobalSection
	GlobalSection(MonoDevelopProperties) = preSolution
		StartupItem = Assembly-CSharp.csproj
	EndGlobalSection
EndGlobal
